
Microsoft Visual Studio Solution File, Format Version 12.00
# Visual Studio 15
VisualStudioVersion = 15.0.27130.2027
MinimumVisualStudioVersion = 10.0.40219.1
Project("{9A19103F-16F7-4668-BE54-9A1E7A4F7556}") = "MyIsrael.API", "MyIsrael.API\MyIsrael.API.csproj", "{4AD00F01-108D-464F-BEBA-A16B2A5714E1}"
EndProject
Project("{9A19103F-16F7-4668-BE54-9A1E7A4F7556}") = "MyIsrael.IdentitySvr", "MyIsrael.IdentitySvr\MyIsrael.IdentitySvr.csproj", "{3F8A888D-4691-427F-BD6F-B09E2F75AF28}"
EndProject
Project("{9A19103F-16F7-4668-BE54-9A1E7A4F7556}") = "MyIsrael.ConsoleClient", "MyIsrael.ConsoleClient\MyIsrael.ConsoleClient.csproj", "{113AD8F5-8DBB-4208-979D-8BF7C1C6A38A}"
EndProject
Project("{FAE04EC0-301F-11D3-BF4B-00C04F79EFBC}") = "MyIsrael.MvcClient", "MyIsrael.MvcClient\MyIsrael.MvcClient.csproj", "{DFFA122D-3276-4545-AFD0-4E93ACAD0793}"
EndProject
Global
	GlobalSection(SolutionConfigurationPlatforms) = preSolution
		Debug|Any CPU = Debug|Any CPU
		Release|Any CPU = Release|Any CPU
	EndGlobalSection
	GlobalSection(ProjectConfigurationPlatforms) = postSolution
		{4AD00F01-108D-464F-BEBA-A16B2A5714E1}.Debug|Any CPU.ActiveCfg = Debug|Any CPU
		{4AD00F01-108D-464F-BEBA-A16B2A5714E1}.Debug|Any CPU.Build.0 = Debug|Any CPU
		{4AD00F01-108D-464F-BEBA-A16B2A5714E1}.Release|Any CPU.ActiveCfg = Release|Any CPU
		{4AD00F01-108D-464F-BEBA-A16B2A5714E1}.Release|Any CPU.Build.0 = Release|Any CPU
		{3F8A888D-4691-427F-BD6F-B09E2F75AF28}.Debug|Any CPU.ActiveCfg = Debug|Any CPU
		{3F8A888D-4691-427F-BD6F-B09E2F75AF28}.Debug|Any CPU.Build.0 = Debug|Any CPU
		{3F8A888D-4691-427F-BD6F-B09E2F75AF28}.Release|Any CPU.ActiveCfg = Release|Any CPU
		{3F8A888D-4691-427F-BD6F-B09E2F75AF28}.Release|Any CPU.Build.0 = Release|Any CPU
		{113AD8F5-8DBB-4208-979D-8BF7C1C6A38A}.Debug|Any CPU.ActiveCfg = Debug|Any CPU
		{113AD8F5-8DBB-4208-979D-8BF7C1C6A38A}.Debug|Any CPU.Build.0 = Debug|Any CPU
		{113AD8F5-8DBB-4208-979D-8BF7C1C6A38A}.Release|Any CPU.ActiveCfg = Release|Any CPU
		{113AD8F5-8DBB-4208-979D-8BF7C1C6A38A}.Release|Any CPU.Build.0 = Release|Any CPU
		{DFFA122D-3276-4545-AFD0-4E93ACAD0793}.Debug|Any CPU.ActiveCfg = Debug|Any CPU
		{DFFA122D-3276-4545-AFD0-4E93ACAD0793}.Debug|Any CPU.Build.0 = Debug|Any CPU
		{DFFA122D-3276-4545-AFD0-4E93ACAD0793}.Release|Any CPU.ActiveCfg = Release|Any CPU
		{DFFA122D-3276-4545-AFD0-4E93ACAD0793}.Release|Any CPU.Build.0 = Release|Any CPU
	EndGlobalSection
	GlobalSection(SolutionProperties) = preSolution
		HideSolutionNode = FALSE
	EndGlobalSection
	GlobalSection(ExtensibilityGlobals) = postSolution
		SolutionGuid = {123BA93C-5B5A-4C82-AF90-02EAB4E10217}
	EndGlobalSection
EndGlobal
